
Microsoft Visual Studio Solution File, Format Version 12.00
# Visual Studio Version 17
VisualStudioVersion = 17.0.31903.59
MinimumVisualStudioVersion = 10.0.40219.1
Project("{FAE04EC0-301F-11D3-BF4B-00C04F79EFBC}") = "VYRA.App", "VYRA.App\VYRA.App.csproj", "{887305D6-21BD-43F0-9204-16E66060D68A}"
EndProject
Project("{FAE04EC0-301F-11D3-BF4B-00C04F79EFBC}") = "VYRA.Core", "VYRA.Core\VYRA.Core.csproj", "{3293DA70-0223-47F5-AD9E-C173BF2B8A6D}"
EndProject
Global
	GlobalSection(SolutionConfigurationPlatforms) = preSolution
		Debug|Any CPU = Debug|Any CPU
		Release|Any CPU = Release|Any CPU
	EndGlobalSection
	GlobalSection(SolutionProperties) = preSolution
		HideSolutionNode = FALSE
	EndGlobalSection
	GlobalSection(ProjectConfigurationPlatforms) = postSolution
		{887305D6-21BD-43F0-9204-16E66060D68A}.Debug|Any CPU.ActiveCfg = Debug|Any CPU
		{887305D6-21BD-43F0-9204-16E66060D68A}.Debug|Any CPU.Build.0 = Debug|Any CPU
		{887305D6-21BD-43F0-9204-16E66060D68A}.Release|Any CPU.ActiveCfg = Release|Any CPU
		{887305D6-21BD-43F0-9204-16E66060D68A}.Release|Any CPU.Build.0 = Release|Any CPU
		{3293DA70-0223-47F5-AD9E-C173BF2B8A6D}.Debug|Any CPU.ActiveCfg = Debug|Any CPU
		{3293DA70-0223-47F5-AD9E-C173BF2B8A6D}.Debug|Any CPU.Build.0 = Debug|Any CPU
		{3293DA70-0223-47F5-AD9E-C173BF2B8A6D}.Release|Any CPU.ActiveCfg = Release|Any CPU
		{3293DA70-0223-47F5-AD9E-C173BF2B8A6D}.Release|Any CPU.Build.0 = Release|Any CPU
	EndGlobalSection
EndGlobal
